
Microsoft Visual Studio Solution File, Format Version 12.00
# Visual Studio Version 17
VisualStudioVersion = 17.10.34707.107
MinimumVisualStudioVersion = 10.0.40219.1
Project("{FAE04EC0-301F-11D3-BF4B-00C04F79EFBC}") = "GymManagementSystem", "GymManagementSystem\GymManagementSystem.csproj", "{2C85B8F6-A2BA-4C23-ADD1-9A25FD11FE21}"
EndProject
Global
	GlobalSection(SolutionConfigurationPlatforms) = preSolution
		Debug|Any CPU = Debug|Any CPU
		Release|Any CPU = Release|Any CPU
	EndGlobalSection
	GlobalSection(ProjectConfigurationPlatforms) = postSolution
		{2C85B8F6-A2BA-4C23-ADD1-9A25FD11FE21}.Debug|Any CPU.ActiveCfg = Debug|Any CPU
		{2C85B8F6-A2BA-4C23-ADD1-9A25FD11FE21}.Debug|Any CPU.Build.0 = Debug|Any CPU
		{2C85B8F6-A2BA-4C23-ADD1-9A25FD11FE21}.Release|Any CPU.ActiveCfg = Release|Any CPU
		{2C85B8F6-A2BA-4C23-ADD1-9A25FD11FE21}.Release|Any CPU.Build.0 = Release|Any CPU
	EndGlobalSection
	GlobalSection(SolutionProperties) = preSolution
		HideSolutionNode = FALSE
	EndGlobalSection
	GlobalSection(ExtensibilityGlobals) = postSolution
		SolutionGuid = {B6E59BB8-E056-429C-85CE-035C28613D0E}
	EndGlobalSection
EndGlobal
